// !$*UTF8*$!
{
	archiveVersion = 1;
	classes = {
	};
	objectVersion = 50;
	objects = {

/* Begin PBXBuildFile section */
		533ACBA424EFB1F70070C150 /* AppDelegate.swift in Sources */ = {isa = PBXBuildFile; fileRef = 533ACBA324EFB1F70070C150 /* AppDelegate.swift */; };
		533ACBA624EFB1F70070C150 /* SceneDelegate.swift in Sources */ = {isa = PBXBuildFile; fileRef = 533ACBA524EFB1F70070C150 /* SceneDelegate.swift */; };
		533ACBA824EFB1F70070C150 /* ViewController.swift in Sources */ = {isa = PBXBuildFile; fileRef = 533ACBA724EFB1F70070C150 /* ViewController.swift */; };
		533ACBAB24EFB1F70070C150 /* Main.storyboard in Resources */ = {isa = PBXBuildFile; fileRef = 533ACBA924EFB1F70070C150 /* Main.storyboard */; };
		533ACBAD24EFB1FC0070C150 /* Assets.xcassets in Resources */ = {isa = PBXBuildFile; fileRef = 533ACBAC24EFB1FC0070C150 /* Assets.xcassets */; };
		533ACBB024EFB1FC0070C150 /* LaunchScreen.storyboard in Resources */ = {isa = PBXBuildFile; fileRef = 533ACBAE24EFB1FC0070C150 /* LaunchScreen.storyboard */; };
		533ACBBB24EFB1FD0070C150 /* _0_year_challengeTests.swift in Sources */ = {isa = PBXBuildFile; fileRef = 533ACBBA24EFB1FD0070C150 /* _0_year_challengeTests.swift */; };
		533ACBC624EFB1FD0070C150 /* _0_year_challengeUITests.swift in Sources */ = {isa = PBXBuildFile; fileRef = 533ACBC524EFB1FD0070C150 /* _0_year_challengeUITests.swift */; };
/* End PBXBuildFile section */

/* Begin PBXContainerItemProxy section */
		533ACBB724EFB1FD0070C150 /* PBXContainerItemProxy */ = {
			isa = PBXContainerItemProxy;
			containerPortal = 533ACB9824EFB1F70070C150 /* Project object */;
			proxyType = 1;
			remoteGlobalIDString = 533ACB9F24EFB1F70070C150;
			remoteInfo = "10 year challenge";
		};
		533ACBC224EFB1FD0070C150 /* PBXContainerItemProxy */ = {
			isa = PBXContainerItemProxy;
			containerPortal = 533ACB9824EFB1F70070C150 /* Project object */;
			proxyType = 1;
			remoteGlobalIDString = 533ACB9F24EFB1F70070C150;
			remoteInfo = "10 year challenge";
		};
/* End PBXContainerItemProxy section */

/* Begin PBXFileReference section */
		533ACBA024EFB1F70070C150 /* 10 year challenge.app */ = {isa = PBXFileReference; explicitFileType = wrapper.application; includeInIndex = 0; path = "10 year challenge.app"; sourceTree = BUILT_PRODUCTS_DIR; };
		533ACBA324EFB1F70070C150 /* AppDelegate.swift */ = {isa = PBXFileReference; lastKnownFileType = sourcecode.swift; path = AppDelegate.swift; sourceTree = "<group>"; };
		533ACBA524EFB1F70070C150 /* SceneDelegate.swift */ = {isa = PBXFileReference; lastKnownFileType = sourcecode.swift; path = SceneDelegate.swift; sourceTree = "<group>"; };
		533ACBA724EFB1F70070C150 /* ViewController.swift */ = {isa = PBXFileReference; lastKnownFileType = sourcecode.swift; path = ViewController.swift; sourceTree = "<group>"; };
		533ACBAA24EFB1F70070C150 /* Base */ = {isa = PBXFileReference; lastKnownFileType = file.storyboard; name = Base; path = Base.lproj/Main.storyboard; sourceTree = "<group>"; };
		533ACBAC24EFB1FC0070C150 /* Assets.xcassets */ = {isa = PBXFileReference; lastKnownFileType = folder.assetcatalog; path = Assets.xcassets; sourceTree = "<group>"; };
		533ACBAF24EFB1FC0070C150 /* Base */ = {isa = PBXFileReference; lastKnownFileType = file.storyboard; name = Base; path = Base.lproj/LaunchScreen.storyboard; sourceTree = "<group>"; };
		533ACBB124EFB1FC0070C150 /* Info.plist */ = {isa = PBXFileReference; lastKnownFileType = text.plist.xml; path = Info.plist; sourceTree = "<group>"; };
		533ACBB624EFB1FD0070C150 /* 10 year challengeTests.xctest */ = {isa = PBXFileReference; explicitFileType = wrapper.cfbundle; includeInIndex = 0; path = "10 year challengeTests.xctest"; sourceTree = BUILT_PRODUCTS_DIR; };
		533ACBBA24EFB1FD0070C150 /* _0_year_challengeTests.swift */ = {isa = PBXFileReference; lastKnownFileType = sourcecode.swift; path = _0_year_challengeTests.swift; sourceTree = "<group>"; };
		533ACBBC24EFB1FD0070C150 /* Info.plist */ = {isa = PBXFileReference; lastKnownFileType = text.plist.xml; path = Info.plist; sourceTree = "<group>"; };
		533ACBC124EFB1FD0070C150 /* 10 year challengeUITests.xctest */ = {isa = PBXFileReference; explicitFileType = wrapper.cfbundle; includeInIndex = 0; path = "10 year challengeUITests.xctest"; sourceTree = BUILT_PRODUCTS_DIR; };
		533ACBC524EFB1FD0070C150 /* _0_year_challengeUITests.swift */ = {isa = PBXFileReference; lastKnownFileType = sourcecode.swift; path = _0_year_challengeUITests.swift; sourceTree = "<group>"; };
		533ACBC724EFB1FD0070C150 /* Info.plist */ = {isa = PBXFileReference; lastKnownFileType = text.plist.xml; path = Info.plist; sourceTree = "<group>"; };
/* End PBXFileReference section */

/* Begin PBXFrameworksBuildPhase section */
		533ACB9D24EFB1F70070C150 /* Frameworks */ = {
			isa = PBXFrameworksBuildPhase;
			buildActionMask = 2147483647;
			files = (
			);
			runOnlyForDeploymentPostprocessing = 0;
		};
		533ACBB324EFB1FD0070C150 /* Frameworks */ = {
			isa = PBXFrameworksBuildPhase;
			buildActionMask = 2147483647;
			files = (
			);
			runOnlyForDeploymentPostprocessing = 0;
		};
		533ACBBE24EFB1FD0070C150 /* Frameworks */ = {
			isa = PBXFrameworksBuildPhase;
			buildActionMask = 2147483647;
			files = (
			);
			runOnlyForDeploymentPostprocessing = 0;
		};
/* End PBXFrameworksBuildPhase section */

/* Begin PBXGroup section */
		533ACB9724EFB1F70070C150 = {
			isa = PBXGroup;
			children = (
				533ACBA224EFB1F70070C150 /* 10 year challenge */,
				533ACBB924EFB1FD0070C150 /* 10 year challengeTests */,
				533ACBC424EFB1FD0070C150 /* 10 year challengeUITests */,
				533ACBA124EFB1F70070C150 /* Products */,
			);
			sourceTree = "<group>";
		};
		533ACBA124EFB1F70070C150 /* Products */ = {
			isa = PBXGroup;
			children = (
				533ACBA024EFB1F70070C150 /* 10 year challenge.app */,
				533ACBB624EFB1FD0070C150 /* 10 year challengeTests.xctest */,
				533ACBC124EFB1FD0070C150 /* 10 year challengeUITests.xctest */,
			);
			name = Products;
			sourceTree = "<group>";
		};
		533ACBA224EFB1F70070C150 /* 10 year challenge */ = {
			isa = PBXGroup;
			children = (
				533ACBA324EFB1F70070C150 /* AppDelegate.swift */,
				533ACBA524EFB1F70070C150 /* SceneDelegate.swift */,
				533ACBA724EFB1F70070C150 /* ViewController.swift */,
				533ACBA924EFB1F70070C150 /* Main.storyboard */,
				533ACBAC24EFB1FC0070C150 /* Assets.xcassets */,
				533ACBAE24EFB1FC0070C150 /* LaunchScreen.storyboard */,
				533ACBB124EFB1FC0070C150 /* Info.plist */,
			);
			path = "10 year challenge";
			sourceTree = "<group>";
		};
		533ACBB924EFB1FD0070C150 /* 10 year challengeTests */ = {
			isa = PBXGroup;
			children = (
				533ACBBA24EFB1FD0070C150 /* _0_year_challengeTests.swift */,
				533ACBBC24EFB1FD0070C150 /* Info.plist */,
			);
			path = "10 year challengeTests";
			sourceTree = "<group>";
		};
		533ACBC424EFB1FD0070C150 /* 10 year challengeUITests */ = {
			isa = PBXGroup;
			children = (
				533ACBC524EFB1FD0070C150 /* _0_year_challengeUITests.swift */,
				533ACBC724EFB1FD0070C150 /* Info.plist */,
			);
			path = "10 year challengeUITests";
			sourceTree = "<group>";
		};
/* End PBXGroup section */

/* Begin PBXNativeTarget section */
		533ACB9F24EFB1F70070C150 /* 10 year challenge */ = {
			isa = PBXNativeTarget;
			buildConfigurationList = 533ACBCA24EFB1FD0070C150 /* Build configuration list for PBXNativeTarget "10 year challenge" */;
			buildPhases = (
				533ACB9C24EFB1F70070C150 /* Sources */,
				533ACB9D24EFB1F70070C150 /* Frameworks */,
				533ACB9E24EFB1F70070C150 /* Resources */,
			);
			buildRules = (
			);
			dependencies = (
			);
			name = "10 year challenge";
			productName = "10 year challenge";
			productReference = 533ACBA024EFB1F70070C150 /* 10 year challenge.app */;
			productType = "com.apple.product-type.application";
		};
		533ACBB524EFB1FD0070C150 /* 10 year challengeTests */ = {
			isa = PBXNativeTarget;
			buildConfigurationList = 533ACBCD24EFB1FD0070C150 /* Build configuration list for PBXNativeTarget "10 year challengeTests" */;
			buildPhases = (
				533ACBB224EFB1FD0070C150 /* Sources */,
				533ACBB324EFB1FD0070C150 /* Frameworks */,
				533ACBB424EFB1FD0070C150 /* Resources */,
			);
			buildRules = (
			);
			dependencies = (
				533ACBB824EFB1FD0070C150 /* PBXTargetDependency */,
			);
			name = "10 year challengeTests";
			productName = "10 year challengeTests";
			productReference = 533ACBB624EFB1FD0070C150 /* 10 year challengeTests.xctest */;
			productType = "com.apple.product-type.bundle.unit-test";
		};
		533ACBC024EFB1FD0070C150 /* 10 year challengeUITests */ = {
			isa = PBXNativeTarget;
			buildConfigurationList = 533ACBD024EFB1FD0070C150 /* Build configuration list for PBXNativeTarget "10 year challengeUITests" */;
			buildPhases = (
				533ACBBD24EFB1FD0070C150 /* Sources */,
				533ACBBE24EFB1FD0070C150 /* Frameworks */,
				533ACBBF24EFB1FD0070C150 /* Resources */,
			);
			buildRules = (
			);
			dependencies = (
				533ACBC324EFB1FD0070C150 /* PBXTargetDependency */,
			);
			name = "10 year challengeUITests";
			productName = "10 year challengeUITests";
			productReference = 533ACBC124EFB1FD0070C150 /* 10 year challengeUITests.xctest */;
			productType = "com.apple.product-type.bundle.ui-testing";
		};
/* End PBXNativeTarget section */

/* Begin PBXProject section */
		533ACB9824EFB1F70070C150 /* Project object */ = {
			isa = PBXProject;
			attributes = {
				LastSwiftUpdateCheck = 1200;
				LastUpgradeCheck = 1200;
				TargetAttributes = {
					533ACB9F24EFB1F70070C150 = {
						CreatedOnToolsVersion = 12.0;
					};
					533ACBB524EFB1FD0070C150 = {
						CreatedOnToolsVersion = 12.0;
						TestTargetID = 533ACB9F24EFB1F70070C150;
					};
					533ACBC024EFB1FD0070C150 = {
						CreatedOnToolsVersion = 12.0;
						TestTargetID = 533ACB9F24EFB1F70070C150;
					};
				};
			};
			buildConfigurationList = 533ACB9B24EFB1F70070C150 /* Build configuration list for PBXProject "10 year challenge" */;
			compatibilityVersion = "Xcode 9.3";
			developmentRegion = en;
			hasScannedForEncodings = 0;
			knownRegions = (
				en,
				Base,
			);
			mainGroup = 533ACB9724EFB1F70070C150;
			productRefGroup = 533ACBA124EFB1F70070C150 /* Products */;
			projectDirPath = "";
			projectRoot = "";
			targets = (
				533ACB9F24EFB1F70070C150 /* 10 year challenge */,
				533ACBB524EFB1FD0070C150 /* 10 year challengeTests */,
				533ACBC024EFB1FD0070C150 /* 10 year challengeUITests */,
			);
		};
/* End PBXProject section */

/* Begin PBXResourcesBuildPhase section */
		533ACB9E24EFB1F70070C150 /* Resources */ = {
			isa = PBXResourcesBuildPhase;
			buildActionMask = 2147483647;
			files = (
				533ACBB024EFB1FC0070C150 /* LaunchScreen.storyboard in Resources */,
				533ACBAD24EFB1FC0070C150 /* Assets.xcassets in Resources */,
				533ACBAB24EFB1F70070C150 /* Main.storyboard in Resources */,
			);
			runOnlyForDeploymentPostprocessing = 0;
		};
		533ACBB424EFB1FD0070C150 /* Resources */ = {
			isa = PBXResourcesBuildPhase;
			buildActionMask = 2147483647;
			files = (
			);
			runOnlyForDeploymentPostprocessing = 0;
		};
		533ACBBF24EFB1FD0070C150 /* Resources */ = {
			isa = PBXResourcesBuildPhase;
			buildActionMask = 2147483647;
			files = (
			);
			runOnlyForDeploymentPostprocessing = 0;
		};
/* End PBXResourcesBuildPhase section */

/* Begin PBXSourcesBuildPhase section */
		533ACB9C24EFB1F70070C150 /* Sources */ = {
			isa = PBXSourcesBuildPhase;
			buildActionMask = 2147483647;
			files = (
				533ACBA824EFB1F70070C150 /* ViewController.swift in Sources */,
				533ACBA424EFB1F70070C150 /* AppDelegate.swift in Sources */,
				533ACBA624EFB1F70070C150 /* SceneDelegate.swift in Sources */,
			);
			runOnlyForDeploymentPostprocessing = 0;
		};
		533ACBB224EFB1FD0070C150 /* Sources */ = {
			isa = PBXSourcesBuildPhase;
			buildActionMask = 2147483647;
			files = (
				533ACBBB24EFB1FD0070C150 /* _0_year_challengeTests.swift in Sources */,
			);
			runOnlyForDeploymentPostprocessing = 0;
		};
		533ACBBD24EFB1FD0070C150 /* Sources */ = {
			isa = PBXSourcesBuildPhase;
			buildActionMask = 2147483647;
			files = (
				533ACBC624EFB1FD0070C150 /* _0_year_challengeUITests.swift in Sources */,
			);
			runOnlyForDeploymentPostprocessing = 0;
		};
/* End PBXSourcesBuildPhase section */

/* Begin PBXTargetDependency section */
		533ACBB824EFB1FD0070C150 /* PBXTargetDependency */ = {
			isa = PBXTargetDependency;
			target = 533ACB9F24EFB1F70070C150 /* 10 year challenge */;
			targetProxy = 533ACBB724EFB1FD0070C150 /* PBXContainerItemProxy */;
		};
		533ACBC324EFB1FD0070C150 /* PBXTargetDependency */ = {
			isa = PBXTargetDependency;
			target = 533ACB9F24EFB1F70070C150 /* 10 year challenge */;
			targetProxy = 533ACBC224EFB1FD0070C150 /* PBXContainerItemProxy */;
		};
/* End PBXTargetDependency section */

/* Begin PBXVariantGroup section */
		533ACBA924EFB1F70070C150 /* Main.storyboard */ = {
			isa = PBXVariantGroup;
			children = (
				533ACBAA24EFB1F70070C150 /* Base */,
			);
			name = Main.storyboard;
			sourceTree = "<group>";
		};
		533ACBAE24EFB1FC0070C150 /* LaunchScreen.storyboard */ = {
			isa = PBXVariantGroup;
			children = (
				533ACBAF24EFB1FC0070C150 /* Base */,
			);
			name = LaunchScreen.storyboard;
			sourceTree = "<group>";
		};
/* End PBXVariantGroup section */

/* Begin XCBuildConfiguration section */
		533ACBC824EFB1FD0070C150 /* Debug */ = {
			isa = XCBuildConfiguration;
			buildSettings = {
				ALWAYS_SEARCH_USER_PATHS = NO;
				CLANG_ANALYZER_NONNULL = YES;
				CLANG_ANALYZER_NUMBER_OBJECT_CONVERSION = YES_AGGRESSIVE;
				CLANG_CXX_LANGUAGE_STANDARD = "gnu++14";
				CLANG_CXX_LIBRARY = "libc++";
				CLANG_ENABLE_MODULES = YES;
				CLANG_ENABLE_OBJC_ARC = YES;
				CLANG_ENABLE_OBJC_WEAK = YES;
				CLANG_WARN_BLOCK_CAPTURE_AUTORELEASING = YES;
				CLANG_WARN_BOOL_CONVERSION = YES;
				CLANG_WARN_COMMA = YES;
				CLANG_WARN_CONSTANT_CONVERSION = YES;
				CLANG_WARN_DEPRECATED_OBJC_IMPLEMENTATIONS = YES;
				CLANG_WARN_DIRECT_OBJC_ISA_USAGE = YES_ERROR;
				CLANG_WARN_DOCUMENTATION_COMMENTS = YES;
				CLANG_WARN_EMPTY_BODY = YES;
				CLANG_WARN_ENUM_CONVERSION = YES;
				CLANG_WARN_INFINITE_RECURSION = YES;
				CLANG_WARN_INT_CONVERSION = YES;
				CLANG_WARN_NON_LITERAL_NULL_CONVERSION = YES;
				CLANG_WARN_OBJC_IMPLICIT_RETAIN_SELF = YES;
				CLANG_WARN_OBJC_LITERAL_CONVERSION = YES;
				CLANG_WARN_OBJC_ROOT_CLASS = YES_ERROR;
				CLANG_WARN_QUOTED_INCLUDE_IN_FRAMEWORK_HEADER = YES;
				CLANG_WARN_RANGE_LOOP_ANALYSIS = YES;
				CLANG_WARN_STRICT_PROTOTYPES = YES;
				CLANG_WARN_SUSPICIOUS_MOVE = YES;
				CLANG_WARN_UNGUARDED_AVAILABILITY = YES_AGGRESSIVE;
				CLANG_WARN_UNREACHABLE_CODE = YES;
				CLANG_WARN__DUPLICATE_METHOD_MATCH = YES;
				COPY_PHASE_STRIP = NO;
				DEBUG_INFORMATION_FORMAT = dwarf;
				ENABLE_STRICT_OBJC_MSGSEND = YES;
				ENABLE_TESTABILITY = YES;
				GCC_C_LANGUAGE_STANDARD = gnu11;
				GCC_DYNAMIC_NO_PIC = NO;
				GCC_NO_COMMON_BLOCKS = YES;
				GCC_OPTIMIZATION_LEVEL = 0;
				GCC_PREPROCESSOR_DEFINITIONS = (
					"DEBUG=1",
					"$(inherited)",
				);
				GCC_WARN_64_TO_32_BIT_CONVERSION = YES;
				GCC_WARN_ABOUT_RETURN_TYPE = YES_ERROR;
				GCC_WARN_UNDECLARED_SELECTOR = YES;
				GCC_WARN_UNINITIALIZED_AUTOS = YES_AGGRESSIVE;
				GCC_WARN_UNUSED_FUNCTION = YES;
				GCC_WARN_UNUSED_VARIABLE = YES;
				IPHONEOS_DEPLOYMENT_TARGET = 14.0;
				MTL_ENABLE_DEBUG_INFO = INCLUDE_SOURCE;
				MTL_FAST_MATH = YES;
				ONLY_ACTIVE_ARCH = YES;
				SDKROOT = iphoneos;
				SWIFT_ACTIVE_COMPILATION_CONDITIONS = DEBUG;
				SWIFT_OPTIMIZATION_LEVEL = "-Onone";
			};
			name = Debug;
		};
		533ACBC924EFB1FD0070C150 /* Release */ = {
			isa = XCBuildConfiguration;
			buildSettings = {
				ALWAYS_SEARCH_USER_PATHS = NO;
				CLANG_ANALYZER_NONNULL = YES;
				CLANG_ANALYZER_NUMBER_OBJECT_CONVERSION = YES_AGGRESSIVE;
				CLANG_CXX_LANGUAGE_STANDARD = "gnu++14";
				CLANG_CXX_LIBRARY = "libc++";
				CLANG_ENABLE_MODULES = YES;
				CLANG_ENABLE_OBJC_ARC = YES;
				CLANG_ENABLE_OBJC_WEAK = YES;
				CLANG_WARN_BLOCK_CAPTURE_AUTORELEASING = YES;
				CLANG_WARN_BOOL_CONVERSION = YES;
				CLANG_WARN_COMMA = YES;
				CLANG_WARN_CONSTANT_CONVERSION = YES;
				CLANG_WARN_DEPRECATED_OBJC_IMPLEMENTATIONS = YES;
				CLANG_WARN_DIRECT_OBJC_ISA_USAGE = YES_ERROR;
				CLANG_WARN_DOCUMENTATION_COMMENTS = YES;
				CLANG_WARN_EMPTY_BODY = YES;
				CLANG_WARN_ENUM_CONVERSION = YES;
				CLANG_WARN_INFINITE_RECURSION = YES;
				CLANG_WARN_INT_CONVERSION = YES;
				CLANG_WARN_NON_LITERAL_NULL_CONVERSION = YES;
				CLANG_WARN_OBJC_IMPLICIT_RETAIN_SELF = YES;
				CLANG_WARN_OBJC_LITERAL_CONVERSION = YES;
				CLANG_WARN_OBJC_ROOT_CLASS = YES_ERROR;
				CLANG_WARN_QUOTED_INCLUDE_IN_FRAMEWORK_HEADER = YES;
				CLANG_WARN_RANGE_LOOP_ANALYSIS = YES;
				CLANG_WARN_STRICT_PROTOTYPES = YES;
				CLANG_WARN_SUSPICIOUS_MOVE = YES;
				CLANG_WARN_UNGUARDED_AVAILABILITY = YES_AGGRESSIVE;
				CLANG_WARN_UNREACHABLE_CODE = YES;
				CLANG_WARN__DUPLICATE_METHOD_MATCH = YES;
				COPY_PHASE_STRIP = NO;
				DEBUG_INFORMATION_FORMAT = "dwarf-with-dsym";
				ENABLE_NS_ASSERTIONS = NO;
				ENABLE_STRICT_OBJC_MSGSEND = YES;
				GCC_C_LANGUAGE_STANDARD = gnu11;
				GCC_NO_COMMON_BLOCKS = YES;
				GCC_WARN_64_TO_32_BIT_CONVERSION = YES;
				GCC_WARN_ABOUT_RETURN_TYPE = YES_ERROR;
				GCC_WARN_UNDECLARED_SELECTOR = YES;
				GCC_WARN_UNINITIALIZED_AUTOS = YES_AGGRESSIVE;
				GCC_WARN_UNUSED_FUNCTION = YES;
				GCC_WARN_UNUSED_VARIABLE = YES;
				IPHONEOS_DEPLOYMENT_TARGET = 14.0;
				MTL_ENABLE_DEBUG_INFO = NO;
				MTL_FAST_MATH = YES;
				SDKROOT = iphoneos;
				SWIFT_COMPILATION_MODE = wholemodule;
				SWIFT_OPTIMIZATION_LEVEL = "-O";
				VALIDATE_PRODUCT = YES;
			};
			name = Release;
		};
		533ACBCB24EFB1FD0070C150 /* Debug */ = {
			isa = XCBuildConfiguration;
			buildSettings = {
				ASSETCATALOG_COMPILER_APPICON_NAME = AppIcon;
				ASSETCATALOG_COMPILER_GLOBAL_ACCENT_COLOR_NAME = AccentColor;
				CODE_SIGN_STYLE = Automatic;
				DEVELOPMENT_TEAM = 3L3Q96LR88;
				INFOPLIST_FILE = "10 year challenge/Info.plist";
				LD_RUNPATH_SEARCH_PATHS = (
					"$(inherited)",
					"@executable_path/Frameworks",
				);
				PRODUCT_BUNDLE_IDENTIFIER = "com.Pincheng.-0-year-challenge";
				PRODUCT_NAME = "$(TARGET_NAME)";
				SWIFT_VERSION = 5.0;
				TARGETED_DEVICE_FAMILY = "1,2";
			};
			name = Debug;
		};
		533ACBCC24EFB1FD0070C150 /* Release */ = {
			isa = XCBuildConfiguration;
			buildSettings = {
				ASSETCATALOG_COMPILER_APPICON_NAME = AppIcon;
				ASSETCATALOG_COMPILER_GLOBAL_ACCENT_COLOR_NAME = AccentColor;
				CODE_SIGN_STYLE = Automatic;
				DEVELOPMENT_TEAM = 3L3Q96LR88;
				INFOPLIST_FILE = "10 year challenge/Info.plist";
				LD_RUNPATH_SEARCH_PATHS = (
					"$(inherited)",
					"@executable_path/Frameworks",
				);
				PRODUCT_BUNDLE_IDENTIFIER = "com.Pincheng.-0-year-challenge";
				PRODUCT_NAME = "$(TARGET_NAME)";
				SWIFT_VERSION = 5.0;
				TARGETED_DEVICE_FAMILY = "1,2";
			};
			name = Release;
		};
		533ACBCE24EFB1FD0070C150 /* Debug */ = {
			isa = XCBuildConfiguration;
			buildSettings = {
				ALWAYS_EMBED_SWIFT_STANDARD_LIBRARIES = YES;
				BUNDLE_LOADER = "$(TEST_HOST)";
				CODE_SIGN_STYLE = Automatic;
				DEVELOPMENT_TEAM = 3L3Q96LR88;
				INFOPLIST_FILE = "10 year challengeTests/Info.plist";
				IPHONEOS_DEPLOYMENT_TARGET = 14.0;
				LD_RUNPATH_SEARCH_PATHS = (
					"$(inherited)",
					"@executable_path/Frameworks",
					"@loader_path/Frameworks",
				);
				PRODUCT_BUNDLE_IDENTIFIER = "com.Pincheng.-0-year-challengeTests";
				PRODUCT_NAME = "$(TARGET_NAME)";
				SWIFT_VERSION = 5.0;
				TARGETED_DEVICE_FAMILY = "1,2";
				TEST_HOST = "$(BUILT_PRODUCTS_DIR)/10 year challenge.app/10 year challenge";
			};
			name = Debug;
		};
		533ACBCF24EFB1FD0070C150 /* Release */ = {
			isa = XCBuildConfiguration;
			buildSettings = {
				ALWAYS_EMBED_SWIFT_STANDARD_LIBRARIES = YES;
				BUNDLE_LOADER = "$(TEST_HOST)";
				CODE_SIGN_STYLE = Automatic;
				DEVELOPMENT_TEAM = 3L3Q96LR88;
				INFOPLIST_FILE = "10 year challengeTests/Info.plist";
				IPHONEOS_DEPLOYMENT_TARGET = 14.0;
				LD_RUNPATH_SEARCH_PATHS = (
					"$(inherited)",
					"@executable_path/Frameworks",
					"@loader_path/Frameworks",
				);
				PRODUCT_BUNDLE_IDENTIFIER = "com.Pincheng.-0-year-challengeTests";
				PRODUCT_NAME = "$(TARGET_NAME)";
				SWIFT_VERSION = 5.0;
				TARGETED_DEVICE_FAMILY = "1,2";
				TEST_HOST = "$(BUILT_PRODUCTS_DIR)/10 year challenge.app/10 year challenge";
			};
			name = Release;
		};
		533ACBD124EFB1FD0070C150 /* Debug */ = {
			isa = XCBuildConfiguration;
			buildSettings = {
				ALWAYS_EMBED_SWIFT_STANDARD_LIBRARIES = YES;
				CODE_SIGN_STYLE = Automatic;
				DEVELOPMENT_TEAM = 3L3Q96LR88;
				INFOPLIST_FILE = "10 year challengeUITests/Info.plist";
				LD_RUNPATH_SEARCH_PATHS = (
					"$(inherited)",
					"@executable_path/Frameworks",
					"@loader_path/Frameworks",
				);
				PRODUCT_BUNDLE_IDENTIFIER = "com.Pincheng.-0-year-challengeUITests";
				PRODUCT_NAME = "$(TARGET_NAME)";
				SWIFT_VERSION = 5.0;
				TARGETED_DEVICE_FAMILY = "1,2";
				TEST_TARGET_NAME = "10 year challenge";
			};
			name = Debug;
		};
		533ACBD224EFB1FD0070C150 /* Release */ = {
			isa = XCBuildConfiguration;
			buildSettings = {
				ALWAYS_EMBED_SWIFT_STANDARD_LIBRARIES = YES;
				CODE_SIGN_STYLE = Automatic;
				DEVELOPMENT_TEAM = 3L3Q96LR88;
				INFOPLIST_FILE = "10 year challengeUITests/Info.plist";
				LD_RUNPATH_SEARCH_PATHS = (
					"$(inherited)",
					"@executable_path/Frameworks",
					"@loader_path/Frameworks",
				);
				PRODUCT_BUNDLE_IDENTIFIER = "com.Pincheng.-0-year-challengeUITests";
				PRODUCT_NAME = "$(TARGET_NAME)";
				SWIFT_VERSION = 5.0;
				TARGETED_DEVICE_FAMILY = "1,2";
				TEST_TARGET_NAME = "10 year challenge";
			};
			name = Release;
		};
/* End XCBuildConfiguration section */

/* Begin XCConfigurationList section */
		533ACB9B24EFB1F70070C150 /* Build configuration list for PBXProject "10 year challenge" */ = {
			isa = XCConfigurationList;
			buildConfigurations = (
				533ACBC824EFB1FD0070C150 /* Debug */,
				533ACBC924EFB1FD0070C150 /* Release */,
			);
			defaultConfigurationIsVisible = 0;
			defaultConfigurationName = Release;
		};
		533ACBCA24EFB1FD0070C150 /* Build configuration list for PBXNativeTarget "10 year challenge" */ = {
			isa = XCConfigurationList;
			buildConfigurations = (
				533ACBCB24EFB1FD0070C150 /* Debug */,
				533ACBCC24EFB1FD0070C150 /* Release */,
			);
			defaultConfigurationIsVisible = 0;
			defaultConfigurationName = Release;
		};
		533ACBCD24EFB1FD0070C150 /* Build configuration list for PBXNativeTarget "10 year challengeTests" */ = {
			isa = XCConfigurationList;
			buildConfigurations = (
				533ACBCE24EFB1FD0070C150 /* Debug */,
				533ACBCF24EFB1FD0070C150 /* Release */,
			);
			defaultConfigurationIsVisible = 0;
			defaultConfigurationName = Release;
		};
		533ACBD024EFB1FD0070C150 /* Build configuration list for PBXNativeTarget "10 year challengeUITests" */ = {
			isa = XCConfigurationList;
			buildConfigurations = (
				533ACBD124EFB1FD0070C150 /* Debug */,
				533ACBD224EFB1FD0070C150 /* Release */,
			);
			defaultConfigurationIsVisible = 0;
			defaultConfigurationName = Release;
		};
/* End XCConfigurationList section */
	};
	rootObject = 533ACB9824EFB1F70070C150 /* Project object */;
}
